lockfileVersion: '6.0'
settings:
  autoInstallPeers: true
  excludeLinksFromLockfile: false
importers:
  .:
    specifiers:
      '@radix-ui/react-dialog': ^1.0.5
      '@radix-ui/react-slot': ^1.0.3
      '@types/node': 20.12.7
      '@types/react': 18.2.37
      '@types/react-dom': 18.2.15
      '@vitest/coverage-v8': 1.4.0
      '@vitest/ui': 1.4.0
      autoprefixer: 10.4.16
      class-variance-authority: ^0.7.0
      clsx: ^2.1.0
      eslint: 8.57.0
      eslint-config-next: 14.1.0
      framer-motion: ^11.0.6
      lucide-react: ^0.364.0
      next: 14.1.0
      postcss: 8.4.33
      prettier: 3.2.5
      react: 18.2.0
      react-dom: 18.2.0
      recharts: ^2.8.0
      tailwindcss: 3.4.1
      typescript: 5.4.5
      vitest: 1.4.0
      zustand: ^4.4.7
      zod: ^3.22.4
    dependencies:
      '@radix-ui/react-dialog':
        specifier: ^1.0.5
        version: 1.0.5
      '@radix-ui/react-slot':
        specifier: ^1.0.3
        version: 1.0.3
      class-variance-authority:
        specifier: ^0.7.0
        version: 0.7.0
      clsx:
        specifier: ^2.1.0
        version: 2.1.0
      framer-motion:
        specifier: ^11.0.6
        version: 11.0.6
      lucide-react:
        specifier: ^0.364.0
        version: 0.364.0
      next:
        specifier: 14.1.0
        version: 14.1.0
      react:
        specifier: 18.2.0
        version: 18.2.0
      react-dom:
        specifier: 18.2.0
        version: 18.2.0
      recharts:
        specifier: ^2.8.0
        version: 2.8.0
      zustand:
        specifier: ^4.4.7
        version: 4.4.7
      zod:
        specifier: ^3.22.4
        version: 3.22.4
    devDependencies:
      '@types/node':
        specifier: 20.12.7
        version: 20.12.7
      '@types/react':
        specifier: 18.2.37
        version: 18.2.37
      '@types/react-dom':
        specifier: 18.2.15
        version: 18.2.15
      '@vitest/coverage-v8':
        specifier: 1.4.0
        version: 1.4.0
      '@vitest/ui':
        specifier: 1.4.0
        version: 1.4.0
      autoprefixer:
        specifier: 10.4.16
        version: 10.4.16
      eslint:
        specifier: 8.57.0
        version: 8.57.0
      eslint-config-next:
        specifier: 14.1.0
        version: 14.1.0
      postcss:
        specifier: 8.4.33
        version: 8.4.33
      prettier:
        specifier: 3.2.5
        version: 3.2.5
      tailwindcss:
        specifier: 3.4.1
        version: 3.4.1
      typescript:
        specifier: 5.4.5
        version: 5.4.5
      vitest:
        specifier: 1.4.0
        version: 1.4.0
packages: {}
